<?xml version="1.0" encoding="utf-8"?>
<Project ToolsVersion="17.0" xmlns="http://schemas.microsoft.com/developer/msbuild/2003">
  <ItemGroup>
    <CustomBuild Include="C:\Users\Woo\Desktop\C++Project\wafer-inspection-cpp\build_debug\CMakeFiles\2114e811d44203bf52548d73ac0cc1ca\generate.stamp.rule">
      <Filter>CMake Rules</Filter>
    </CustomBuild>
  </ItemGroup>
  <ItemGroup>
    <Filter Include="CMake Rules">
      <UniqueIdentifier>{FEBCAC37-9106-324B-8086-1AEB627E4052}</UniqueIdentifier>
    </Filter>
  </ItemGroup>
</Project>
